// !$*UTF8*$!
{
	archiveVersion = 1;
	classes = {
	};
	objectVersion = 48;
	objects = {

/* Begin PBXBuildFile section */
		61CFE1CFED493882822AE90D /* ListViewDataSource.swift in Sources */ = {isa = PBXBuildFile; fileRef = 61CFE0E9A0575591ECD5CA48 /* ListViewDataSource.swift */; };
		61CFE3D145CFD78FE802E858 /* TransitionDelegate.swift in Sources */ = {isa = PBXBuildFile; fileRef = 61CFEDA6B7F1BB6C899F749D /* TransitionDelegate.swift */; };
		61CFE479B7C3C17E5CF0641B /* TableDataSource.swift in Sources */ = {isa = PBXBuildFile; fileRef = 61CFE50EBDC70724531C47C2 /* TableDataSource.swift */; };
		61CFE4A495FAD32F7EC5AD3C /* ReusableCell.swift in Sources */ = {isa = PBXBuildFile; fileRef = 61CFEFA8BC0A79FA0368410F /* ReusableCell.swift */; };
		61CFE5BEF170D9984A7B6E7C /* FadeTransition.swift in Sources */ = {isa = PBXBuildFile; fileRef = 61CFE04A4FC9C72BFAD1DF28 /* FadeTransition.swift */; };
		61CFE7AEF7522A4D5E5CB1F7 /* ListItemViewData.swift in Sources */ = {isa = PBXBuildFile; fileRef = 61CFEDF7206426CD4CADBA16 /* ListItemViewData.swift */; };
		61CFE7BE02A0E08F56A64C78 /* GCD+Ext.swift in Sources */ = {isa = PBXBuildFile; fileRef = 61CFE6D5A9C3A5FE60D03EFD /* GCD+Ext.swift */; };
		61CFE81B5D5083D0808C37F3 /* NavigatorFactory.swift in Sources */ = {isa = PBXBuildFile; fileRef = 61CFE72500C413432EB2F83A /* NavigatorFactory.swift */; };
		61CFE87DC4EAB5DD9EFCD2F9 /* ArrayDataProvider.swift in Sources */ = {isa = PBXBuildFile; fileRef = 61CFEFD42953D6AB7DB584B1 /* ArrayDataProvider.swift */; };
		61CFE9D2571AC9EEAEB20F26 /* TableDataProvider.swift in Sources */ = {isa = PBXBuildFile; fileRef = 61CFE7B3ECE1C08C8CC47917 /* TableDataProvider.swift */; };
		61CFEAA1D67DA2DD319A11C0 /* TableArrayDataSource.swift in Sources */ = {isa = PBXBuildFile; fileRef = 61CFE9D6A6673B37346D364E /* TableArrayDataSource.swift */; };
		61CFEBAC4B8AFB89D9E0CD3D /* ListCellView.swift in Sources */ = {isa = PBXBuildFile; fileRef = 61CFE09449E0BBF7AF9FC233 /* ListCellView.swift */; };
		71055B2A20210378000D79F9 /* ListViewModel.swift in Sources */ = {isa = PBXBuildFile; fileRef = 71055B2920210378000D79F9 /* ListViewModel.swift */; };
		71055B2D202109C5000D79F9 /* ApplicationCoordinator.swift in Sources */ = {isa = PBXBuildFile; fileRef = 71055B2C202109C5000D79F9 /* ApplicationCoordinator.swift */; };
		71055B2F20210AC8000D79F9 /* ListViewNavigator.swift in Sources */ = {isa = PBXBuildFile; fileRef = 71055B2E20210AC8000D79F9 /* ListViewNavigator.swift */; };
		71055B3120211555000D79F9 /* ListViewData.swift in Sources */ = {isa = PBXBuildFile; fileRef = 71055B3020211555000D79F9 /* ListViewData.swift */; };
		71EC61D920208DC600CF5F46 /* AppDelegate.swift in Sources */ = {isa = PBXBuildFile; fileRef = 71EC61D820208DC600CF5F46 /* AppDelegate.swift */; };
		71EC61DB20208DC600CF5F46 /* ViewController.swift in Sources */ = {isa = PBXBuildFile; fileRef = 71EC61DA20208DC600CF5F46 /* ViewController.swift */; };
		71EC61DE20208DC600CF5F46 /* Main.storyboard in Resources */ = {isa = PBXBuildFile; fileRef = 71EC61DC20208DC600CF5F46 /* Main.storyboard */; };
		71EC61E020208DC600CF5F46 /* Assets.xcassets in Resources */ = {isa = PBXBuildFile; fileRef = 71EC61DF20208DC600CF5F46 /* Assets.xcassets */; };
		71EC61E320208DC600CF5F46 /* LaunchScreen.storyboard in Resources */ = {isa = PBXBuildFile; fileRef = 71EC61E120208DC600CF5F46 /* LaunchScreen.storyboard */; };
		71EC61EE20208DC600CF5F46 /* MVVM_ExampleTests.swift in Sources */ = {isa = PBXBuildFile; fileRef = 71EC61ED20208DC600CF5F46 /* MVVM_ExampleTests.swift */; };
		71EC61FA2020907100CF5F46 /* ListViewController.swift in Sources */ = {isa = PBXBuildFile; fileRef = 71EC61F92020907100CF5F46 /* ListViewController.swift */; };
		71EC61FD2020924200CF5F46 /* Weakify.swift in Sources */ = {isa = PBXBuildFile; fileRef = 71EC61FC2020924200CF5F46 /* Weakify.swift */; };
		A1F793F9D8984F73DB72868A /* Pods_MVVM_ExampleTests.framework in Frameworks */ = {isa = PBXBuildFile; fileRef = E89B7F80ADD821799B844D84 /* Pods_MVVM_ExampleTests.framework */; };
		BBA4D91953506D47CA5BDD60 /* Pods_MVVM_Example.framework in Frameworks */ = {isa = PBXBuildFile; fileRef = 63028FA92E77654521159725 /* Pods_MVVM_Example.framework */; };
/* End PBXBuildFile section */

/* Begin PBXContainerItemProxy section */
		71EC61EA20208DC600CF5F46 /* PBXContainerItemProxy */ = {
			isa = PBXContainerItemProxy;
			containerPortal = 71EC61CD20208DC600CF5F46 /* Project object */;
			proxyType = 1;
			remoteGlobalIDString = 71EC61D420208DC600CF5F46;
			remoteInfo = "MVVM Example";
		};
/* End PBXContainerItemProxy section */

/* Begin PBXFileReference section */
		424F9E7D795DCDC917449535 /* Pods-MVVM Example.release.xcconfig */ = {isa = PBXFileReference; includeInIndex = 1; lastKnownFileType = text.xcconfig; name = "Pods-MVVM Example.release.xcconfig"; path = "Pods/Target Support Files/Pods-MVVM Example/Pods-MVVM Example.release.xcconfig"; sourceTree = "<group>"; };
		5E0F7542DADC9BFA924976B8 /* Pods-MVVM ExampleTests.debug.xcconfig */ = {isa = PBXFileReference; includeInIndex = 1; lastKnownFileType = text.xcconfig; name = "Pods-MVVM ExampleTests.debug.xcconfig"; path = "Pods/Target Support Files/Pods-MVVM ExampleTests/Pods-MVVM ExampleTests.debug.xcconfig"; sourceTree = "<group>"; };
		61CFE04A4FC9C72BFAD1DF28 /* FadeTransition.swift */ = {isa = PBXFileReference; fileEncoding = 4; lastKnownFileType = sourcecode.swift; path = FadeTransition.swift; sourceTree = "<group>"; };
		61CFE09449E0BBF7AF9FC233 /* ListCellView.swift */ = {isa = PBXFileReference; fileEncoding = 4; lastKnownFileType = sourcecode.swift; path = ListCellView.swift; sourceTree = "<group>"; };
		61CFE0E9A0575591ECD5CA48 /* ListViewDataSource.swift */ = {isa = PBXFileReference; fileEncoding = 4; lastKnownFileType = sourcecode.swift; path = ListViewDataSource.swift; sourceTree = "<group>"; };
		61CFE50EBDC70724531C47C2 /* TableDataSource.swift */ = {isa = PBXFileReference; fileEncoding = 4; lastKnownFileType = sourcecode.swift; path = TableDataSource.swift; sourceTree = "<group>"; };
		61CFE6D5A9C3A5FE60D03EFD /* GCD+Ext.swift */ = {isa = PBXFileReference; fileEncoding = 4; lastKnownFileType = sourcecode.swift; path = "GCD+Ext.swift"; sourceTree = "<group>"; };
		61CFE72500C413432EB2F83A /* NavigatorFactory.swift */ = {isa = PBXFileReference; fileEncoding = 4; lastKnownFileType = sourcecode.swift; path = NavigatorFactory.swift; sourceTree = "<group>"; };
		61CFE7B3ECE1C08C8CC47917 /* TableDataProvider.swift */ = {isa = PBXFileReference; fileEncoding = 4; lastKnownFileType = sourcecode.swift; path = TableDataProvider.swift; sourceTree = "<group>"; };
		61CFE9D6A6673B37346D364E /* TableArrayDataSource.swift */ = {isa = PBXFileReference; fileEncoding = 4; lastKnownFileType = sourcecode.swift; path = TableArrayDataSource.swift; sourceTree = "<group>"; };
		61CFEDA6B7F1BB6C899F749D /* TransitionDelegate.swift */ = {isa = PBXFileReference; fileEncoding = 4; lastKnownFileType = sourcecode.swift; path = TransitionDelegate.swift; sourceTree = "<group>"; };
		61CFEDF7206426CD4CADBA16 /* ListItemViewData.swift */ = {isa = PBXFileReference; fileEncoding = 4; lastKnownFileType = sourcecode.swift; path = ListItemViewData.swift; sourceTree = "<group>"; };
		61CFEFA8BC0A79FA0368410F /* ReusableCell.swift */ = {isa = PBXFileReference; fileEncoding = 4; lastKnownFileType = sourcecode.swift; path = ReusableCell.swift; sourceTree = "<group>"; };
		61CFEFD42953D6AB7DB584B1 /* ArrayDataProvider.swift */ = {isa = PBXFileReference; fileEncoding = 4; lastKnownFileType = sourcecode.swift; path = ArrayDataProvider.swift; sourceTree = "<group>"; };
		63028FA92E77654521159725 /* Pods_MVVM_Example.framework */ = {isa = PBXFileReference; explicitFileType = wrapper.framework; includeInIndex = 0; path = Pods_MVVM_Example.framework; sourceTree = BUILT_PRODUCTS_DIR; };
		71055B2920210378000D79F9 /* ListViewModel.swift */ = {isa = PBXFileReference; lastKnownFileType = sourcecode.swift; path = ListViewModel.swift; sourceTree = "<group>"; };
		71055B2C202109C5000D79F9 /* ApplicationCoordinator.swift */ = {isa = PBXFileReference; lastKnownFileType = sourcecode.swift; path = ApplicationCoordinator.swift; sourceTree = "<group>"; };
		71055B2E20210AC8000D79F9 /* ListViewNavigator.swift */ = {isa = PBXFileReference; lastKnownFileType = sourcecode.swift; path = ListViewNavigator.swift; sourceTree = "<group>"; };
		71055B3020211555000D79F9 /* ListViewData.swift */ = {isa = PBXFileReference; lastKnownFileType = sourcecode.swift; path = ListViewData.swift; sourceTree = "<group>"; };
		71EC61D520208DC600CF5F46 /* MVVM Example.app */ = {isa = PBXFileReference; explicitFileType = wrapper.application; includeInIndex = 0; path = "MVVM Example.app"; sourceTree = BUILT_PRODUCTS_DIR; };
		71EC61D820208DC600CF5F46 /* AppDelegate.swift */ = {isa = PBXFileReference; lastKnownFileType = sourcecode.swift; path = AppDelegate.swift; sourceTree = "<group>"; };
		71EC61DA20208DC600CF5F46 /* ViewController.swift */ = {isa = PBXFileReference; lastKnownFileType = sourcecode.swift; path = ViewController.swift; sourceTree = "<group>"; };
		71EC61DD20208DC600CF5F46 /* Base */ = {isa = PBXFileReference; lastKnownFileType = file.storyboard; name = Base; path = Base.lproj/Main.storyboard; sourceTree = "<group>"; };
		71EC61DF20208DC600CF5F46 /* Assets.xcassets */ = {isa = PBXFileReference; lastKnownFileType = folder.assetcatalog; path = Assets.xcassets; sourceTree = "<group>"; };
		71EC61E220208DC600CF5F46 /* Base */ = {isa = PBXFileReference; lastKnownFileType = file.storyboard; name = Base; path = Base.lproj/LaunchScreen.storyboard; sourceTree = "<group>"; };
		71EC61E420208DC600CF5F46 /* Info.plist */ = {isa = PBXFileReference; lastKnownFileType = text.plist.xml; path = Info.plist; sourceTree = "<group>"; };
		71EC61E920208DC600CF5F46 /* MVVM ExampleTests.xctest */ = {isa = PBXFileReference; explicitFileType = wrapper.cfbundle; includeInIndex = 0; path = "MVVM ExampleTests.xctest"; sourceTree = BUILT_PRODUCTS_DIR; };
		71EC61ED20208DC600CF5F46 /* MVVM_ExampleTests.swift */ = {isa = PBXFileReference; lastKnownFileType = sourcecode.swift; path = MVVM_ExampleTests.swift; sourceTree = "<group>"; };
		71EC61EF20208DC600CF5F46 /* Info.plist */ = {isa = PBXFileReference; lastKnownFileType = text.plist.xml; path = Info.plist; sourceTree = "<group>"; };
		71EC61F92020907100CF5F46 /* ListViewController.swift */ = {isa = PBXFileReference; lastKnownFileType = sourcecode.swift; path = ListViewController.swift; sourceTree = "<group>"; };
		71EC61FC2020924200CF5F46 /* Weakify.swift */ = {isa = PBXFileReference; lastKnownFileType = sourcecode.swift; path = Weakify.swift; sourceTree = "<group>"; };
		A08BFFEE1EA61F7DA1C894B9 /* Pods-MVVM Example.debug.xcconfig */ = {isa = PBXFileReference; includeInIndex = 1; lastKnownFileType = text.xcconfig; name = "Pods-MVVM Example.debug.xcconfig"; path = "Pods/Target Support Files/Pods-MVVM Example/Pods-MVVM Example.debug.xcconfig"; sourceTree = "<group>"; };
		CEF0F96FD34C20074EB3A44B /* Pods-MVVM ExampleTests.release.xcconfig */ = {isa = PBXFileReference; includeInIndex = 1; lastKnownFileType = text.xcconfig; name = "Pods-MVVM ExampleTests.release.xcconfig"; path = "Pods/Target Support Files/Pods-MVVM ExampleTests/Pods-MVVM ExampleTests.release.xcconfig"; sourceTree = "<group>"; };
		E89B7F80ADD821799B844D84 /* Pods_MVVM_ExampleTests.framework */ = {isa = PBXFileReference; explicitFileType = wrapper.framework; includeInIndex = 0; path = Pods_MVVM_ExampleTests.framework; sourceTree = BUILT_PRODUCTS_DIR; };
/* End PBXFileReference section */

/* Begin PBXFrameworksBuildPhase section */
		71EC61D220208DC600CF5F46 /* Frameworks */ = {
			isa = PBXFrameworksBuildPhase;
			buildActionMask = 2147483647;
			files = (
				BBA4D91953506D47CA5BDD60 /* Pods_MVVM_Example.framework in Frameworks */,
			);
			runOnlyForDeploymentPostprocessing = 0;
		};
		71EC61E620208DC600CF5F46 /* Frameworks */ = {
			isa = PBXFrameworksBuildPhase;
			buildActionMask = 2147483647;
			files = (
				A1F793F9D8984F73DB72868A /* Pods_MVVM_ExampleTests.framework in Frameworks */,
			);
			runOnlyForDeploymentPostprocessing = 0;
		};
/* End PBXFrameworksBuildPhase section */

/* Begin PBXGroup section */
		61CFEB4F7D4BBDB36199D118 /* Custom Transitions */ = {
			isa = PBXGroup;
			children = (
				61CFEDA6B7F1BB6C899F749D /* TransitionDelegate.swift */,
				61CFE04A4FC9C72BFAD1DF28 /* FadeTransition.swift */,
			);
			path = "Custom Transitions";
			sourceTree = "<group>";
		};
		61CFED79EDC92C212293F63C /* Generic Table View */ = {
			isa = PBXGroup;
			children = (
				61CFEFA8BC0A79FA0368410F /* ReusableCell.swift */,
				61CFE7B3ECE1C08C8CC47917 /* TableDataProvider.swift */,
				61CFE50EBDC70724531C47C2 /* TableDataSource.swift */,
				61CFEFD42953D6AB7DB584B1 /* ArrayDataProvider.swift */,
				61CFE9D6A6673B37346D364E /* TableArrayDataSource.swift */,
			);
			path = "Generic Table View";
			sourceTree = "<group>";
		};
		61CFEEACA2B4635CBEC33974 /* ListItem */ = {
			isa = PBXGroup;
			children = (
				61CFE09449E0BBF7AF9FC233 /* ListCellView.swift */,
				61CFEDF7206426CD4CADBA16 /* ListItemViewData.swift */,
			);
			path = ListItem;
			sourceTree = "<group>";
		};
		71055B2B202109BA000D79F9 /* Navigation */ = {
			isa = PBXGroup;
			children = (
				71055B2C202109C5000D79F9 /* ApplicationCoordinator.swift */,
				71055B2E20210AC8000D79F9 /* ListViewNavigator.swift */,
				61CFE72500C413432EB2F83A /* NavigatorFactory.swift */,
			);
			path = Navigation;
			sourceTree = "<group>";
		};
		71EC61CC20208DC600CF5F46 = {
			isa = PBXGroup;
			children = (
				71EC61D720208DC600CF5F46 /* MVVM Example */,
				71EC61EC20208DC600CF5F46 /* MVVM ExampleTests */,
				71EC61D620208DC600CF5F46 /* Products */,
				946EDA15E07A1DF90E96DEFD /* Pods */,
				9195BBC592405C243AD3F482 /* Frameworks */,
			);
			sourceTree = "<group>";
		};
		71EC61D620208DC600CF5F46 /* Products */ = {
			isa = PBXGroup;
			children = (
				71EC61D520208DC600CF5F46 /* MVVM Example.app */,
				71EC61E920208DC600CF5F46 /* MVVM ExampleTests.xctest */,
			);
			name = Products;
			sourceTree = "<group>";
		};
		71EC61D720208DC600CF5F46 /* MVVM Example */ = {
			isa = PBXGroup;
			children = (
				71055B2B202109BA000D79F9 /* Navigation */,
				71EC61FB2020923700CF5F46 /* Extensions */,
				71EC61F820208E8700CF5F46 /* ListView */,
				71EC61D820208DC600CF5F46 /* AppDelegate.swift */,
				71EC61DA20208DC600CF5F46 /* ViewController.swift */,
				71EC61DC20208DC600CF5F46 /* Main.storyboard */,
				71EC61DF20208DC600CF5F46 /* Assets.xcassets */,
				71EC61E120208DC600CF5F46 /* LaunchScreen.storyboard */,
				71EC61E420208DC600CF5F46 /* Info.plist */,
				61CFEB4F7D4BBDB36199D118 /* Custom Transitions */,
				61CFED79EDC92C212293F63C /* Generic Table View */,
			);
			path = "MVVM Example";
			sourceTree = "<group>";
		};
		71EC61EC20208DC600CF5F46 /* MVVM ExampleTests */ = {
			isa = PBXGroup;
			children = (
				71EC61ED20208DC600CF5F46 /* MVVM_ExampleTests.swift */,
				71EC61EF20208DC600CF5F46 /* Info.plist */,
			);
			path = "MVVM ExampleTests";
			sourceTree = "<group>";
		};
		71EC61F820208E8700CF5F46 /* ListView */ = {
			isa = PBXGroup;
			children = (
				71EC61F92020907100CF5F46 /* ListViewController.swift */,
				71055B2920210378000D79F9 /* ListViewModel.swift */,
				71055B3020211555000D79F9 /* ListViewData.swift */,
				61CFE0E9A0575591ECD5CA48 /* ListViewDataSource.swift */,
				61CFEEACA2B4635CBEC33974 /* ListItem */,
			);
			path = ListView;
			sourceTree = "<group>";
		};
		71EC61FB2020923700CF5F46 /* Extensions */ = {
			isa = PBXGroup;
			children = (
				71EC61FC2020924200CF5F46 /* Weakify.swift */,
				61CFE6D5A9C3A5FE60D03EFD /* GCD+Ext.swift */,
			);
			path = Extensions;
			sourceTree = "<group>";
		};
		9195BBC592405C243AD3F482 /* Frameworks */ = {
			isa = PBXGroup;
			children = (
				63028FA92E77654521159725 /* Pods_MVVM_Example.framework */,
				E89B7F80ADD821799B844D84 /* Pods_MVVM_ExampleTests.framework */,
			);
			name = Frameworks;
			sourceTree = "<group>";
		};
		946EDA15E07A1DF90E96DEFD /* Pods */ = {
			isa = PBXGroup;
			children = (
				A08BFFEE1EA61F7DA1C894B9 /* Pods-MVVM Example.debug.xcconfig */,
				424F9E7D795DCDC917449535 /* Pods-MVVM Example.release.xcconfig */,
				5E0F7542DADC9BFA924976B8 /* Pods-MVVM ExampleTests.debug.xcconfig */,
				CEF0F96FD34C20074EB3A44B /* Pods-MVVM ExampleTests.release.xcconfig */,
			);
			name = Pods;
			sourceTree = "<group>";
		};
/* End PBXGroup section */

/* Begin PBXNativeTarget section */
		71EC61D420208DC600CF5F46 /* MVVM Example */ = {
			isa = PBXNativeTarget;
			buildConfigurationList = 71EC61F220208DC600CF5F46 /* Build configuration list for PBXNativeTarget "MVVM Example" */;
			buildPhases = (
				7837A40B4C7B94EB1EF2E029 /* [CP] Check Pods Manifest.lock */,
				71EC61D120208DC600CF5F46 /* Sources */,
				71EC61D220208DC600CF5F46 /* Frameworks */,
				71EC61D320208DC600CF5F46 /* Resources */,
				AB8901119E7558460749F896 /* [CP] Embed Pods Frameworks */,
				3F5A4A93A2C04D963D24722D /* [CP] Copy Pods Resources */,
			);
			buildRules = (
			);
			dependencies = (
			);
			name = "MVVM Example";
			productName = "MVVM Example";
			productReference = 71EC61D520208DC600CF5F46 /* MVVM Example.app */;
			productType = "com.apple.product-type.application";
		};
		71EC61E820208DC600CF5F46 /* MVVM ExampleTests */ = {
			isa = PBXNativeTarget;
			buildConfigurationList = 71EC61F520208DC600CF5F46 /* Build configuration list for PBXNativeTarget "MVVM ExampleTests" */;
			buildPhases = (
				3FC3BA4613798CE771931D68 /* [CP] Check Pods Manifest.lock */,
				71EC61E520208DC600CF5F46 /* Sources */,
				71EC61E620208DC600CF5F46 /* Frameworks */,
				71EC61E720208DC600CF5F46 /* Resources */,
				B377376E2C18D86FA3C14DDD /* [CP] Embed Pods Frameworks */,
				FDF92F29CA1F031029B49DC9 /* [CP] Copy Pods Resources */,
			);
			buildRules = (
			);
			dependencies = (
				71EC61EB20208DC600CF5F46 /* PBXTargetDependency */,
			);
			name = "MVVM ExampleTests";
			productName = "MVVM ExampleTests";
			productReference = 71EC61E920208DC600CF5F46 /* MVVM ExampleTests.xctest */;
			productType = "com.apple.product-type.bundle.unit-test";
		};
/* End PBXNativeTarget section */

/* Begin PBXProject section */
		71EC61CD20208DC600CF5F46 /* Project object */ = {
			isa = PBXProject;
			attributes = {
				LastSwiftUpdateCheck = 0920;
				LastUpgradeCheck = 0920;
				ORGANIZATIONNAME = Novoda;
				TargetAttributes = {
					71EC61D420208DC600CF5F46 = {
						CreatedOnToolsVersion = 9.2;
						ProvisioningStyle = Automatic;
					};
					71EC61E820208DC600CF5F46 = {
						CreatedOnToolsVersion = 9.2;
						ProvisioningStyle = Automatic;
						TestTargetID = 71EC61D420208DC600CF5F46;
					};
				};
			};
			buildConfigurationList = 71EC61D020208DC600CF5F46 /* Build configuration list for PBXProject "MVVM Example" */;
			compatibilityVersion = "Xcode 8.0";
			developmentRegion = en;
			hasScannedForEncodings = 0;
			knownRegions = (
				en,
				Base,
			);
			mainGroup = 71EC61CC20208DC600CF5F46;
			productRefGroup = 71EC61D620208DC600CF5F46 /* Products */;
			projectDirPath = "";
			projectRoot = "";
			targets = (
				71EC61D420208DC600CF5F46 /* MVVM Example */,
				71EC61E820208DC600CF5F46 /* MVVM ExampleTests */,
			);
		};
/* End PBXProject section */

/* Begin PBXResourcesBuildPhase section */
		71EC61D320208DC600CF5F46 /* Resources */ = {
			isa = PBXResourcesBuildPhase;
			buildActionMask = 2147483647;
			files = (
				71EC61E320208DC600CF5F46 /* LaunchScreen.storyboard in Resources */,
				71EC61E020208DC600CF5F46 /* Assets.xcassets in Resources */,
				71EC61DE20208DC600CF5F46 /* Main.storyboard in Resources */,
			);
			runOnlyForDeploymentPostprocessing = 0;
		};
		71EC61E720208DC600CF5F46 /* Resources */ = {
			isa = PBXResourcesBuildPhase;
			buildActionMask = 2147483647;
			files = (
			);
			runOnlyForDeploymentPostprocessing = 0;
		};
/* End PBXResourcesBuildPhase section */

/* Begin PBXShellScriptBuildPhase section */
		3F5A4A93A2C04D963D24722D /* [CP] Copy Pods Resources */ = {
			isa = PBXShellScriptBuildPhase;
			buildActionMask = 2147483647;
			files = (
			);
			inputPaths = (
			);
			name = "[CP] Copy Pods Resources";
			outputPaths = (
			);
			runOnlyForDeploymentPostprocessing = 0;
			shellPath = /bin/sh;
			shellScript = "\"${SRCROOT}/Pods/Target Support Files/Pods-MVVM Example/Pods-MVVM Example-resources.sh\"\n";
			showEnvVarsInLog = 0;
		};
		3FC3BA4613798CE771931D68 /* [CP] Check Pods Manifest.lock */ = {
			isa = PBXShellScriptBuildPhase;
			buildActionMask = 2147483647;
			files = (
			);
			inputPaths = (
				"${PODS_PODFILE_DIR_PATH}/Podfile.lock",
				"${PODS_ROOT}/Manifest.lock",
			);
			name = "[CP] Check Pods Manifest.lock";
			outputPaths = (
				"$(DERIVED_FILE_DIR)/Pods-MVVM ExampleTests-checkManifestLockResult.txt",
			);
			runOnlyForDeploymentPostprocessing = 0;
			shellPath = /bin/sh;
			shellScript = "diff \"${PODS_PODFILE_DIR_PATH}/Podfile.lock\" \"${PODS_ROOT}/Manifest.lock\" > /dev/null\nif [ $? != 0 ] ; then\n    # print error to STDERR\n    echo \"error: The sandbox is not in sync with the Podfile.lock. Run 'pod install' or update your CocoaPods installation.\" >&2\n    exit 1\nfi\n# This output is used by Xcode 'outputs' to avoid re-running this script phase.\necho \"SUCCESS\" > \"${SCRIPT_OUTPUT_FILE_0}\"\n";
			showEnvVarsInLog = 0;
		};
		7837A40B4C7B94EB1EF2E029 /* [CP] Check Pods Manifest.lock */ = {
			isa = PBXShellScriptBuildPhase;
			buildActionMask = 2147483647;
			files = (
			);
			inputPaths = (
				"${PODS_PODFILE_DIR_PATH}/Podfile.lock",
				"${PODS_ROOT}/Manifest.lock",
			);
			name = "[CP] Check Pods Manifest.lock";
			outputPaths = (
				"$(DERIVED_FILE_DIR)/Pods-MVVM Example-checkManifestLockResult.txt",
			);
			runOnlyForDeploymentPostprocessing = 0;
			shellPath = /bin/sh;
			shellScript = "diff \"${PODS_PODFILE_DIR_PATH}/Podfile.lock\" \"${PODS_ROOT}/Manifest.lock\" > /dev/null\nif [ $? != 0 ] ; then\n    # print error to STDERR\n    echo \"error: The sandbox is not in sync with the Podfile.lock. Run 'pod install' or update your CocoaPods installation.\" >&2\n    exit 1\nfi\n# This output is used by Xcode 'outputs' to avoid re-running this script phase.\necho \"SUCCESS\" > \"${SCRIPT_OUTPUT_FILE_0}\"\n";
			showEnvVarsInLog = 0;
		};
		AB8901119E7558460749F896 /* [CP] Embed Pods Frameworks */ = {
			isa = PBXShellScriptBuildPhase;
			buildActionMask = 2147483647;
			files = (
			);
			inputPaths = (
			);
			name = "[CP] Embed Pods Frameworks";
			outputPaths = (
			);
			runOnlyForDeploymentPostprocessing = 0;
			shellPath = /bin/sh;
			shellScript = "\"${SRCROOT}/Pods/Target Support Files/Pods-MVVM Example/Pods-MVVM Example-frameworks.sh\"\n";
			showEnvVarsInLog = 0;
		};
		B377376E2C18D86FA3C14DDD /* [CP] Embed Pods Frameworks */ = {
			isa = PBXShellScriptBuildPhase;
			buildActionMask = 2147483647;
			files = (
			);
			inputPaths = (
			);
			name = "[CP] Embed Pods Frameworks";
			outputPaths = (
			);
			runOnlyForDeploymentPostprocessing = 0;
			shellPath = /bin/sh;
			shellScript = "\"${SRCROOT}/Pods/Target Support Files/Pods-MVVM ExampleTests/Pods-MVVM ExampleTests-frameworks.sh\"\n";
			showEnvVarsInLog = 0;
		};
		FDF92F29CA1F031029B49DC9 /* [CP] Copy Pods Resources */ = {
			isa = PBXShellScriptBuildPhase;
			buildActionMask = 2147483647;
			files = (
			);
			inputPaths = (
			);
			name = "[CP] Copy Pods Resources";
			outputPaths = (
			);
			runOnlyForDeploymentPostprocessing = 0;
			shellPath = /bin/sh;
			shellScript = "\"${SRCROOT}/Pods/Target Support Files/Pods-MVVM ExampleTests/Pods-MVVM ExampleTests-resources.sh\"\n";
			showEnvVarsInLog = 0;
		};
/* End PBXShellScriptBuildPhase section */

/* Begin PBXSourcesBuildPhase section */
		71EC61D120208DC600CF5F46 /* Sources */ = {
			isa = PBXSourcesBuildPhase;
			buildActionMask = 2147483647;
			files = (
				71055B2A20210378000D79F9 /* ListViewModel.swift in Sources */,
				71055B2D202109C5000D79F9 /* ApplicationCoordinator.swift in Sources */,
				71EC61FD2020924200CF5F46 /* Weakify.swift in Sources */,
				71EC61DB20208DC600CF5F46 /* ViewController.swift in Sources */,
				71EC61D920208DC600CF5F46 /* AppDelegate.swift in Sources */,
				71EC61FA2020907100CF5F46 /* ListViewController.swift in Sources */,
				71055B3120211555000D79F9 /* ListViewData.swift in Sources */,
				71055B2F20210AC8000D79F9 /* ListViewNavigator.swift in Sources */,
				61CFE81B5D5083D0808C37F3 /* NavigatorFactory.swift in Sources */,
				61CFE7BE02A0E08F56A64C78 /* GCD+Ext.swift in Sources */,
				61CFE3D145CFD78FE802E858 /* TransitionDelegate.swift in Sources */,
				61CFE5BEF170D9984A7B6E7C /* FadeTransition.swift in Sources */,
				61CFE4A495FAD32F7EC5AD3C /* ReusableCell.swift in Sources */,
				61CFE9D2571AC9EEAEB20F26 /* TableDataProvider.swift in Sources */,
				61CFE479B7C3C17E5CF0641B /* TableDataSource.swift in Sources */,
				61CFE87DC4EAB5DD9EFCD2F9 /* ArrayDataProvider.swift in Sources */,
				61CFEAA1D67DA2DD319A11C0 /* TableArrayDataSource.swift in Sources */,
				61CFE1CFED493882822AE90D /* ListViewDataSource.swift in Sources */,
				61CFEBAC4B8AFB89D9E0CD3D /* ListCellView.swift in Sources */,
				61CFE7AEF7522A4D5E5CB1F7 /* ListItemViewData.swift in Sources */,
			);
			runOnlyForDeploymentPostprocessing = 0;
		};
		71EC61E520208DC600CF5F46 /* Sources */ = {
			isa = PBXSourcesBuildPhase;
			buildActionMask = 2147483647;
			files = (
				71EC61EE20208DC600CF5F46 /* MVVM_ExampleTests.swift in Sources */,
			);
			runOnlyForDeploymentPostprocessing = 0;
		};
/* End PBXSourcesBuildPhase section */

/* Begin PBXTargetDependency section */
		71EC61EB20208DC600CF5F46 /* PBXTargetDependency */ = {
			isa = PBXTargetDependency;
			target = 71EC61D420208DC600CF5F46 /* MVVM Example */;
			targetProxy = 71EC61EA20208DC600CF5F46 /* PBXContainerItemProxy */;
		};
/* End PBXTargetDependency section */

/* Begin PBXVariantGroup section */
		71EC61DC20208DC600CF5F46 /* Main.storyboard */ = {
			isa = PBXVariantGroup;
			children = (
				71EC61DD20208DC600CF5F46 /* Base */,
			);
			name = Main.storyboard;
			sourceTree = "<group>";
		};
		71EC61E120208DC600CF5F46 /* LaunchScreen.storyboard */ = {
			isa = PBXVariantGroup;
			children = (
				71EC61E220208DC600CF5F46 /* Base */,
			);
			name = LaunchScreen.storyboard;
			sourceTree = "<group>";
		};
/* End PBXVariantGroup section */

/* Begin XCBuildConfiguration section */
		71EC61F020208DC600CF5F46 /* Debug */ = {
			isa = XCBuildConfiguration;
			buildSettings = {
				ALWAYS_SEARCH_USER_PATHS = NO;
				CLANG_ANALYZER_NONNULL = YES;
				CLANG_ANALYZER_NUMBER_OBJECT_CONVERSION = YES_AGGRESSIVE;
				CLANG_CXX_LANGUAGE_STANDARD = "gnu++14";
				CLANG_CXX_LIBRARY = "libc++";
				CLANG_ENABLE_MODULES = YES;
				CLANG_ENABLE_OBJC_ARC = YES;
				CLANG_WARN_BLOCK_CAPTURE_AUTORELEASING = YES;
				CLANG_WARN_BOOL_CONVERSION = YES;
				CLANG_WARN_COMMA = YES;
				CLANG_WARN_CONSTANT_CONVERSION = YES;
				CLANG_WARN_DIRECT_OBJC_ISA_USAGE = YES_ERROR;
				CLANG_WARN_DOCUMENTATION_COMMENTS = YES;
				CLANG_WARN_EMPTY_BODY = YES;
				CLANG_WARN_ENUM_CONVERSION = YES;
				CLANG_WARN_INFINITE_RECURSION = YES;
				CLANG_WARN_INT_CONVERSION = YES;
				CLANG_WARN_NON_LITERAL_NULL_CONVERSION = YES;
				CLANG_WARN_OBJC_LITERAL_CONVERSION = YES;
				CLANG_WARN_OBJC_ROOT_CLASS = YES_ERROR;
				CLANG_WARN_RANGE_LOOP_ANALYSIS = YES;
				CLANG_WARN_STRICT_PROTOTYPES = YES;
				CLANG_WARN_SUSPICIOUS_MOVE = YES;
				CLANG_WARN_UNGUARDED_AVAILABILITY = YES_AGGRESSIVE;
				CLANG_WARN_UNREACHABLE_CODE = YES;
				CLANG_WARN__DUPLICATE_METHOD_MATCH = YES;
				CODE_SIGN_IDENTITY = "iPhone Developer";
				COPY_PHASE_STRIP = NO;
				DEBUG_INFORMATION_FORMAT = dwarf;
				ENABLE_STRICT_OBJC_MSGSEND = YES;
				ENABLE_TESTABILITY = YES;
				GCC_C_LANGUAGE_STANDARD = gnu11;
				GCC_DYNAMIC_NO_PIC = NO;
				GCC_NO_COMMON_BLOCKS = YES;
				GCC_OPTIMIZATION_LEVEL = 0;
				GCC_PREPROCESSOR_DEFINITIONS = (
					"DEBUG=1",
					"$(inherited)",
				);
				GCC_WARN_64_TO_32_BIT_CONVERSION = YES;
				GCC_WARN_ABOUT_RETURN_TYPE = YES_ERROR;
				GCC_WARN_UNDECLARED_SELECTOR = YES;
				GCC_WARN_UNINITIALIZED_AUTOS = YES_AGGRESSIVE;
				GCC_WARN_UNUSED_FUNCTION = YES;
				GCC_WARN_UNUSED_VARIABLE = YES;
				IPHONEOS_DEPLOYMENT_TARGET = 11.2;
				MTL_ENABLE_DEBUG_INFO = YES;
				ONLY_ACTIVE_ARCH = YES;
				SDKROOT = iphoneos;
				SWIFT_ACTIVE_COMPILATION_CONDITIONS = DEBUG;
				SWIFT_OPTIMIZATION_LEVEL = "-Onone";
			};
			name = Debug;
		};
		71EC61F120208DC600CF5F46 /* Release */ = {
			isa = XCBuildConfiguration;
			buildSettings = {
				ALWAYS_SEARCH_USER_PATHS = NO;
				CLANG_ANALYZER_NONNULL = YES;
				CLANG_ANALYZER_NUMBER_OBJECT_CONVERSION = YES_AGGRESSIVE;
				CLANG_CXX_LANGUAGE_STANDARD = "gnu++14";
				CLANG_CXX_LIBRARY = "libc++";
				CLANG_ENABLE_MODULES = YES;
				CLANG_ENABLE_OBJC_ARC = YES;
				CLANG_WARN_BLOCK_CAPTURE_AUTORELEASING = YES;
				CLANG_WARN_BOOL_CONVERSION = YES;
				CLANG_WARN_COMMA = YES;
				CLANG_WARN_CONSTANT_CONVERSION = YES;
				CLANG_WARN_DIRECT_OBJC_ISA_USAGE = YES_ERROR;
				CLANG_WARN_DOCUMENTATION_COMMENTS = YES;
				CLANG_WARN_EMPTY_BODY = YES;
				CLANG_WARN_ENUM_CONVERSION = YES;
				CLANG_WARN_INFINITE_RECURSION = YES;
				CLANG_WARN_INT_CONVERSION = YES;
				CLANG_WARN_NON_LITERAL_NULL_CONVERSION = YES;
				CLANG_WARN_OBJC_LITERAL_CONVERSION = YES;
				CLANG_WARN_OBJC_ROOT_CLASS = YES_ERROR;
				CLANG_WARN_RANGE_LOOP_ANALYSIS = YES;
				CLANG_WARN_STRICT_PROTOTYPES = YES;
				CLANG_WARN_SUSPICIOUS_MOVE = YES;
				CLANG_WARN_UNGUARDED_AVAILABILITY = YES_AGGRESSIVE;
				CLANG_WARN_UNREACHABLE_CODE = YES;
				CLANG_WARN__DUPLICATE_METHOD_MATCH = YES;
				CODE_SIGN_IDENTITY = "iPhone Developer";
				COPY_PHASE_STRIP = NO;
				DEBUG_INFORMATION_FORMAT = "dwarf-with-dsym";
				ENABLE_NS_ASSERTIONS = NO;
				ENABLE_STRICT_OBJC_MSGSEND = YES;
				GCC_C_LANGUAGE_STANDARD = gnu11;
				GCC_NO_COMMON_BLOCKS = YES;
				GCC_WARN_64_TO_32_BIT_CONVERSION = YES;
				GCC_WARN_ABOUT_RETURN_TYPE = YES_ERROR;
				GCC_WARN_UNDECLARED_SELECTOR = YES;
				GCC_WARN_UNINITIALIZED_AUTOS = YES_AGGRESSIVE;
				GCC_WARN_UNUSED_FUNCTION = YES;
				GCC_WARN_UNUSED_VARIABLE = YES;
				IPHONEOS_DEPLOYMENT_TARGET = 11.2;
				MTL_ENABLE_DEBUG_INFO = NO;
				SDKROOT = iphoneos;
				SWIFT_OPTIMIZATION_LEVEL = "-Owholemodule";
				VALIDATE_PRODUCT = YES;
			};
			name = Release;
		};
		71EC61F320208DC600CF5F46 /* Debug */ = {
			isa = XCBuildConfiguration;
			baseConfigurationReference = A08BFFEE1EA61F7DA1C894B9 /* Pods-MVVM Example.debug.xcconfig */;
			buildSettings = {
				ASSETCATALOG_COMPILER_APPICON_NAME = AppIcon;
				CODE_SIGN_STYLE = Automatic;
				INFOPLIST_FILE = "MVVM Example/Info.plist";
				LD_RUNPATH_SEARCH_PATHS = "$(inherited) @executable_path/Frameworks";
				PRODUCT_BUNDLE_IDENTIFIER = "com.novoda.MVVM-Example";
				PRODUCT_NAME = "$(TARGET_NAME)";
				SWIFT_VERSION = 4.0;
				TARGETED_DEVICE_FAMILY = "1,2";
			};
			name = Debug;
		};
		71EC61F420208DC600CF5F46 /* Release */ = {
			isa = XCBuildConfiguration;
			baseConfigurationReference = 424F9E7D795DCDC917449535 /* Pods-MVVM Example.release.xcconfig */;
			buildSettings = {
				ASSETCATALOG_COMPILER_APPICON_NAME = AppIcon;
				CODE_SIGN_STYLE = Automatic;
				INFOPLIST_FILE = "MVVM Example/Info.plist";
				LD_RUNPATH_SEARCH_PATHS = "$(inherited) @executable_path/Frameworks";
				PRODUCT_BUNDLE_IDENTIFIER = "com.novoda.MVVM-Example";
				PRODUCT_NAME = "$(TARGET_NAME)";
				SWIFT_VERSION = 4.0;
				TARGETED_DEVICE_FAMILY = "1,2";
			};
			name = Release;
		};
		71EC61F620208DC600CF5F46 /* Debug */ = {
			isa = XCBuildConfiguration;
			baseConfigurationReference = 5E0F7542DADC9BFA924976B8 /* Pods-MVVM ExampleTests.debug.xcconfig */;
			buildSettings = {
				ALWAYS_EMBED_SWIFT_STANDARD_LIBRARIES = YES;
				BUNDLE_LOADER = "$(TEST_HOST)";
				CODE_SIGN_STYLE = Automatic;
				INFOPLIST_FILE = "MVVM ExampleTests/Info.plist";
				LD_RUNPATH_SEARCH_PATHS = "$(inherited) @executable_path/Frameworks @loader_path/Frameworks";
				PRODUCT_BUNDLE_IDENTIFIER = "com.novoda.MVVM-ExampleTests";
				PRODUCT_NAME = "$(TARGET_NAME)";
				SWIFT_VERSION = 4.0;
				TARGETED_DEVICE_FAMILY = "1,2";
				TEST_HOST = "$(BUILT_PRODUCTS_DIR)/MVVM Example.app/MVVM Example";
			};
			name = Debug;
		};
		71EC61F720208DC600CF5F46 /* Release */ = {
			isa = XCBuildConfiguration;
			baseConfigurationReference = CEF0F96FD34C20074EB3A44B /* Pods-MVVM ExampleTests.release.xcconfig */;
			buildSettings = {
				ALWAYS_EMBED_SWIFT_STANDARD_LIBRARIES = YES;
				BUNDLE_LOADER = "$(TEST_HOST)";
				CODE_SIGN_STYLE = Automatic;
				INFOPLIST_FILE = "MVVM ExampleTests/Info.plist";
				LD_RUNPATH_SEARCH_PATHS = "$(inherited) @executable_path/Frameworks @loader_path/Frameworks";
				PRODUCT_BUNDLE_IDENTIFIER = "com.novoda.MVVM-ExampleTests";
				PRODUCT_NAME = "$(TARGET_NAME)";
				SWIFT_VERSION = 4.0;
				TARGETED_DEVICE_FAMILY = "1,2";
				TEST_HOST = "$(BUILT_PRODUCTS_DIR)/MVVM Example.app/MVVM Example";
			};
			name = Release;
		};
/* End XCBuildConfiguration section */

/* Begin XCConfigurationList section */
		71EC61D020208DC600CF5F46 /* Build configuration list for PBXProject "MVVM Example" */ = {
			isa = XCConfigurationList;
			buildConfigurations = (
				71EC61F020208DC600CF5F46 /* Debug */,
				71EC61F120208DC600CF5F46 /* Release */,
			);
			defaultConfigurationIsVisible = 0;
			defaultConfigurationName = Release;
		};
		71EC61F220208DC600CF5F46 /* Build configuration list for PBXNativeTarget "MVVM Example" */ = {
			isa = XCConfigurationList;
			buildConfigurations = (
				71EC61F320208DC600CF5F46 /* Debug */,
				71EC61F420208DC600CF5F46 /* Release */,
			);
			defaultConfigurationIsVisible = 0;
			defaultConfigurationName = Release;
		};
		71EC61F520208DC600CF5F46 /* Build configuration list for PBXNativeTarget "MVVM ExampleTests" */ = {
			isa = XCConfigurationList;
			buildConfigurations = (
				71EC61F620208DC600CF5F46 /* Debug */,
				71EC61F720208DC600CF5F46 /* Release */,
			);
			defaultConfigurationIsVisible = 0;
			defaultConfigurationName = Release;
		};
/* End XCConfigurationList section */
	};
	rootObject = 71EC61CD20208DC600CF5F46 /* Project object */;
}
