// !$*UTF8*$!
{
	archiveVersion = 1;
	classes = {
	};
	objectVersion = 50;
	objects = {

/* Begin PBXBuildFile section */
		4C0316AB20ED2D3D005372D3 /* StatusViewController.swift in Sources */ = {isa = PBXBuildFile; fileRef = 4C0316AA20ED2D3D005372D3 /* StatusViewController.swift */; };
		4CAAB83620ED26C700A8159E /* AppDelegate.swift in Sources */ = {isa = PBXBuildFile; fileRef = 4CAAB83520ED26C700A8159E /* AppDelegate.swift */; };
		4CAAB83C20ED26C700A8159E /* ViewController.swift in Sources */ = {isa = PBXBuildFile; fileRef = 4CAAB83B20ED26C700A8159E /* ViewController.swift */; };
		4CAAB83F20ED26C700A8159E /* Main.storyboard in Resources */ = {isa = PBXBuildFile; fileRef = 4CAAB83D20ED26C700A8159E /* Main.storyboard */; };
		4CAAB84120ED26C900A8159E /* Assets.xcassets in Resources */ = {isa = PBXBuildFile; fileRef = 4CAAB84020ED26C900A8159E /* Assets.xcassets */; };
		4CAAB84420ED26C900A8159E /* LaunchScreen.storyboard in Resources */ = {isa = PBXBuildFile; fileRef = 4CAAB84220ED26C900A8159E /* LaunchScreen.storyboard */; };
		4CE1452E2102454B00B1C805 /* ViewController+ARSessionDelegate.swift in Sources */ = {isa = PBXBuildFile; fileRef = 4CE1452D2102454B00B1C805 /* ViewController+ARSessionDelegate.swift */; };
		4CE145302102459E00B1C805 /* ViewController+ARSCNViewDelegate.swift in Sources */ = {isa = PBXBuildFile; fileRef = 4CE1452F2102459E00B1C805 /* ViewController+ARSCNViewDelegate.swift */; };
/* End PBXBuildFile section */

/* Begin PBXFileReference section */
		4C0316AA20ED2D3D005372D3 /* StatusViewController.swift */ = {isa = PBXFileReference; lastKnownFileType = sourcecode.swift; path = StatusViewController.swift; sourceTree = "<group>"; };
		4CAAB83220ED26C700A8159E /* ARSolidCardsRecognition.app */ = {isa = PBXFileReference; explicitFileType = wrapper.application; includeInIndex = 0; path = ARSolidCardsRecognition.app; sourceTree = BUILT_PRODUCTS_DIR; };
		4CAAB83520ED26C700A8159E /* AppDelegate.swift */ = {isa = PBXFileReference; lastKnownFileType = sourcecode.swift; path = AppDelegate.swift; sourceTree = "<group>"; };
		4CAAB83B20ED26C700A8159E /* ViewController.swift */ = {isa = PBXFileReference; lastKnownFileType = sourcecode.swift; path = ViewController.swift; sourceTree = "<group>"; };
		4CAAB83E20ED26C700A8159E /* Base */ = {isa = PBXFileReference; lastKnownFileType = file.storyboard; name = Base; path = Base.lproj/Main.storyboard; sourceTree = "<group>"; };
		4CAAB84020ED26C900A8159E /* Assets.xcassets */ = {isa = PBXFileReference; lastKnownFileType = folder.assetcatalog; path = Assets.xcassets; sourceTree = "<group>"; };
		4CAAB84320ED26C900A8159E /* Base */ = {isa = PBXFileReference; lastKnownFileType = file.storyboard; name = Base; path = Base.lproj/LaunchScreen.storyboard; sourceTree = "<group>"; };
		4CAAB84520ED26C900A8159E /* Info.plist */ = {isa = PBXFileReference; lastKnownFileType = text.plist.xml; path = Info.plist; sourceTree = "<group>"; };
		4CE1452D2102454B00B1C805 /* ViewController+ARSessionDelegate.swift */ = {isa = PBXFileReference; lastKnownFileType = sourcecode.swift; path = "ViewController+ARSessionDelegate.swift"; sourceTree = "<group>"; };
		4CE1452F2102459E00B1C805 /* ViewController+ARSCNViewDelegate.swift */ = {isa = PBXFileReference; lastKnownFileType = sourcecode.swift; path = "ViewController+ARSCNViewDelegate.swift"; sourceTree = "<group>"; };
/* End PBXFileReference section */

/* Begin PBXFrameworksBuildPhase section */
		4CAAB82F20ED26C700A8159E /* Frameworks */ = {
			isa = PBXFrameworksBuildPhase;
			buildActionMask = 2147483647;
			files = (
			);
			runOnlyForDeploymentPostprocessing = 0;
		};
/* End PBXFrameworksBuildPhase section */

/* Begin PBXGroup section */
		4C972C4D2108E08B009CB39B /* StatusViewControler */ = {
			isa = PBXGroup;
			children = (
				4C0316AA20ED2D3D005372D3 /* StatusViewController.swift */,
				4CE1452D2102454B00B1C805 /* ViewController+ARSessionDelegate.swift */,
			);
			path = StatusViewControler;
			sourceTree = "<group>";
		};
		4CAAB82920ED26C700A8159E = {
			isa = PBXGroup;
			children = (
				4CAAB83420ED26C700A8159E /* ARSolidCardsRecognition */,
				4CAAB83320ED26C700A8159E /* Products */,
			);
			sourceTree = "<group>";
		};
		4CAAB83320ED26C700A8159E /* Products */ = {
			isa = PBXGroup;
			children = (
				4CAAB83220ED26C700A8159E /* ARSolidCardsRecognition.app */,
			);
			name = Products;
			sourceTree = "<group>";
		};
		4CAAB83420ED26C700A8159E /* ARSolidCardsRecognition */ = {
			isa = PBXGroup;
			children = (
				4C972C4D2108E08B009CB39B /* StatusViewControler */,
				4CAAB83520ED26C700A8159E /* AppDelegate.swift */,
				4CAAB83B20ED26C700A8159E /* ViewController.swift */,
				4CAAB83D20ED26C700A8159E /* Main.storyboard */,
				4CAAB84020ED26C900A8159E /* Assets.xcassets */,
				4CAAB84220ED26C900A8159E /* LaunchScreen.storyboard */,
				4CAAB84520ED26C900A8159E /* Info.plist */,
				4CE1452F2102459E00B1C805 /* ViewController+ARSCNViewDelegate.swift */,
			);
			path = ARSolidCardsRecognition;
			sourceTree = "<group>";
		};
/* End PBXGroup section */

/* Begin PBXNativeTarget section */
		4CAAB83120ED26C700A8159E /* ARSolidCardsRecognition */ = {
			isa = PBXNativeTarget;
			buildConfigurationList = 4CAAB84820ED26C900A8159E /* Build configuration list for PBXNativeTarget "ARSolidCardsRecognition" */;
			buildPhases = (
				4CAAB82E20ED26C700A8159E /* Sources */,
				4CAAB82F20ED26C700A8159E /* Frameworks */,
				4CAAB83020ED26C700A8159E /* Resources */,
			);
			buildRules = (
			);
			dependencies = (
			);
			name = ARSolidCardsRecognition;
			productName = ARSolidCardsRecognition;
			productReference = 4CAAB83220ED26C700A8159E /* ARSolidCardsRecognition.app */;
			productType = "com.apple.product-type.application";
		};
/* End PBXNativeTarget section */

/* Begin PBXProject section */
		4CAAB82A20ED26C700A8159E /* Project object */ = {
			isa = PBXProject;
			attributes = {
				LastSwiftUpdateCheck = 1000;
				LastUpgradeCheck = 1000;
				ORGANIZATIONNAME = "Berta Devant";
				TargetAttributes = {
					4CAAB83120ED26C700A8159E = {
						CreatedOnToolsVersion = 10.0;
					};
				};
			};
			buildConfigurationList = 4CAAB82D20ED26C700A8159E /* Build configuration list for PBXProject "ARSolidCardsRecognition" */;
			compatibilityVersion = "Xcode 9.3";
			developmentRegion = en;
			hasScannedForEncodings = 0;
			knownRegions = (
				en,
				Base,
			);
			mainGroup = 4CAAB82920ED26C700A8159E;
			productRefGroup = 4CAAB83320ED26C700A8159E /* Products */;
			projectDirPath = "";
			projectRoot = "";
			targets = (
				4CAAB83120ED26C700A8159E /* ARSolidCardsRecognition */,
			);
		};
/* End PBXProject section */

/* Begin PBXResourcesBuildPhase section */
		4CAAB83020ED26C700A8159E /* Resources */ = {
			isa = PBXResourcesBuildPhase;
			buildActionMask = 2147483647;
			files = (
				4CAAB84420ED26C900A8159E /* LaunchScreen.storyboard in Resources */,
				4CAAB84120ED26C900A8159E /* Assets.xcassets in Resources */,
				4CAAB83F20ED26C700A8159E /* Main.storyboard in Resources */,
			);
			runOnlyForDeploymentPostprocessing = 0;
		};
/* End PBXResourcesBuildPhase section */

/* Begin PBXSourcesBuildPhase section */
		4CAAB82E20ED26C700A8159E /* Sources */ = {
			isa = PBXSourcesBuildPhase;
			buildActionMask = 2147483647;
			files = (
				4CE145302102459E00B1C805 /* ViewController+ARSCNViewDelegate.swift in Sources */,
				4CAAB83C20ED26C700A8159E /* ViewController.swift in Sources */,
				4CE1452E2102454B00B1C805 /* ViewController+ARSessionDelegate.swift in Sources */,
				4CAAB83620ED26C700A8159E /* AppDelegate.swift in Sources */,
				4C0316AB20ED2D3D005372D3 /* StatusViewController.swift in Sources */,
			);
			runOnlyForDeploymentPostprocessing = 0;
		};
/* End PBXSourcesBuildPhase section */

/* Begin PBXVariantGroup section */
		4CAAB83D20ED26C700A8159E /* Main.storyboard */ = {
			isa = PBXVariantGroup;
			children = (
				4CAAB83E20ED26C700A8159E /* Base */,
			);
			name = Main.storyboard;
			sourceTree = "<group>";
		};
		4CAAB84220ED26C900A8159E /* LaunchScreen.storyboard */ = {
			isa = PBXVariantGroup;
			children = (
				4CAAB84320ED26C900A8159E /* Base */,
			);
			name = LaunchScreen.storyboard;
			sourceTree = "<group>";
		};
/* End PBXVariantGroup section */

/* Begin XCBuildConfiguration section */
		4CAAB84620ED26C900A8159E /* Debug */ = {
			isa = XCBuildConfiguration;
			buildSettings = {
				ALWAYS_SEARCH_USER_PATHS = NO;
				CLANG_ANALYZER_NONNULL = YES;
				CLANG_ANALYZER_NUMBER_OBJECT_CONVERSION = YES_AGGRESSIVE;
				CLANG_CXX_LANGUAGE_STANDARD = "gnu++14";
				CLANG_CXX_LIBRARY = "libc++";
				CLANG_ENABLE_MODULES = YES;
				CLANG_ENABLE_OBJC_ARC = YES;
				CLANG_ENABLE_OBJC_WEAK = YES;
				CLANG_WARN_BLOCK_CAPTURE_AUTORELEASING = YES;
				CLANG_WARN_BOOL_CONVERSION = YES;
				CLANG_WARN_COMMA = YES;
				CLANG_WARN_CONSTANT_CONVERSION = YES;
				CLANG_WARN_DEPRECATED_OBJC_IMPLEMENTATIONS = YES;
				CLANG_WARN_DIRECT_OBJC_ISA_USAGE = YES_ERROR;
				CLANG_WARN_DOCUMENTATION_COMMENTS = YES;
				CLANG_WARN_EMPTY_BODY = YES;
				CLANG_WARN_ENUM_CONVERSION = YES;
				CLANG_WARN_INFINITE_RECURSION = YES;
				CLANG_WARN_INT_CONVERSION = YES;
				CLANG_WARN_NON_LITERAL_NULL_CONVERSION = YES;
				CLANG_WARN_OBJC_IMPLICIT_RETAIN_SELF = YES;
				CLANG_WARN_OBJC_LITERAL_CONVERSION = YES;
				CLANG_WARN_OBJC_ROOT_CLASS = YES_ERROR;
				CLANG_WARN_RANGE_LOOP_ANALYSIS = YES;
				CLANG_WARN_STRICT_PROTOTYPES = YES;
				CLANG_WARN_SUSPICIOUS_MOVE = YES;
				CLANG_WARN_UNGUARDED_AVAILABILITY = YES_AGGRESSIVE;
				CLANG_WARN_UNREACHABLE_CODE = YES;
				CLANG_WARN__DUPLICATE_METHOD_MATCH = YES;
				CODE_SIGN_IDENTITY = "iPhone Developer";
				COPY_PHASE_STRIP = NO;
				DEBUG_INFORMATION_FORMAT = dwarf;
				ENABLE_STRICT_OBJC_MSGSEND = YES;
				ENABLE_TESTABILITY = YES;
				GCC_C_LANGUAGE_STANDARD = gnu11;
				GCC_DYNAMIC_NO_PIC = NO;
				GCC_NO_COMMON_BLOCKS = YES;
				GCC_OPTIMIZATION_LEVEL = 0;
				GCC_PREPROCESSOR_DEFINITIONS = (
					"DEBUG=1",
					"$(inherited)",
				);
				GCC_WARN_64_TO_32_BIT_CONVERSION = YES;
				GCC_WARN_ABOUT_RETURN_TYPE = YES_ERROR;
				GCC_WARN_UNDECLARED_SELECTOR = YES;
				GCC_WARN_UNINITIALIZED_AUTOS = YES_AGGRESSIVE;
				GCC_WARN_UNUSED_FUNCTION = YES;
				GCC_WARN_UNUSED_VARIABLE = YES;
				IPHONEOS_DEPLOYMENT_TARGET = 12.0;
				MTL_ENABLE_DEBUG_INFO = INCLUDE_SOURCE;
				ONLY_ACTIVE_ARCH = YES;
				SDKROOT = iphoneos;
				SWIFT_ACTIVE_COMPILATION_CONDITIONS = DEBUG;
				SWIFT_OPTIMIZATION_LEVEL = "-Onone";
			};
			name = Debug;
		};
		4CAAB84720ED26C900A8159E /* Release */ = {
			isa = XCBuildConfiguration;
			buildSettings = {
				ALWAYS_SEARCH_USER_PATHS = NO;
				CLANG_ANALYZER_NONNULL = YES;
				CLANG_ANALYZER_NUMBER_OBJECT_CONVERSION = YES_AGGRESSIVE;
				CLANG_CXX_LANGUAGE_STANDARD = "gnu++14";
				CLANG_CXX_LIBRARY = "libc++";
				CLANG_ENABLE_MODULES = YES;
				CLANG_ENABLE_OBJC_ARC = YES;
				CLANG_ENABLE_OBJC_WEAK = YES;
				CLANG_WARN_BLOCK_CAPTURE_AUTORELEASING = YES;
				CLANG_WARN_BOOL_CONVERSION = YES;
				CLANG_WARN_COMMA = YES;
				CLANG_WARN_CONSTANT_CONVERSION = YES;
				CLANG_WARN_DEPRECATED_OBJC_IMPLEMENTATIONS = YES;
				CLANG_WARN_DIRECT_OBJC_ISA_USAGE = YES_ERROR;
				CLANG_WARN_DOCUMENTATION_COMMENTS = YES;
				CLANG_WARN_EMPTY_BODY = YES;
				CLANG_WARN_ENUM_CONVERSION = YES;
				CLANG_WARN_INFINITE_RECURSION = YES;
				CLANG_WARN_INT_CONVERSION = YES;
				CLANG_WARN_NON_LITERAL_NULL_CONVERSION = YES;
				CLANG_WARN_OBJC_IMPLICIT_RETAIN_SELF = YES;
				CLANG_WARN_OBJC_LITERAL_CONVERSION = YES;
				CLANG_WARN_OBJC_ROOT_CLASS = YES_ERROR;
				CLANG_WARN_RANGE_LOOP_ANALYSIS = YES;
				CLANG_WARN_STRICT_PROTOTYPES = YES;
				CLANG_WARN_SUSPICIOUS_MOVE = YES;
				CLANG_WARN_UNGUARDED_AVAILABILITY = YES_AGGRESSIVE;
				CLANG_WARN_UNREACHABLE_CODE = YES;
				CLANG_WARN__DUPLICATE_METHOD_MATCH = YES;
				CODE_SIGN_IDENTITY = "iPhone Developer";
				COPY_PHASE_STRIP = NO;
				DEBUG_INFORMATION_FORMAT = "dwarf-with-dsym";
				ENABLE_NS_ASSERTIONS = NO;
				ENABLE_STRICT_OBJC_MSGSEND = YES;
				GCC_C_LANGUAGE_STANDARD = gnu11;
				GCC_NO_COMMON_BLOCKS = YES;
				GCC_WARN_64_TO_32_BIT_CONVERSION = YES;
				GCC_WARN_ABOUT_RETURN_TYPE = YES_ERROR;
				GCC_WARN_UNDECLARED_SELECTOR = YES;
				GCC_WARN_UNINITIALIZED_AUTOS = YES_AGGRESSIVE;
				GCC_WARN_UNUSED_FUNCTION = YES;
				GCC_WARN_UNUSED_VARIABLE = YES;
				IPHONEOS_DEPLOYMENT_TARGET = 12.0;
				MTL_ENABLE_DEBUG_INFO = NO;
				SDKROOT = iphoneos;
				SWIFT_COMPILATION_MODE = wholemodule;
				SWIFT_OPTIMIZATION_LEVEL = "-O";
				VALIDATE_PRODUCT = YES;
			};
			name = Release;
		};
		4CAAB84920ED26C900A8159E /* Debug */ = {
			isa = XCBuildConfiguration;
			buildSettings = {
				ASSETCATALOG_COMPILER_APPICON_NAME = AppIcon;
				CODE_SIGN_STYLE = Automatic;
				DEVELOPMENT_TEAM = V994K8B55B;
				INFOPLIST_FILE = ARSolidCardsRecognition/Info.plist;
				LD_RUNPATH_SEARCH_PATHS = (
					"$(inherited)",
					"@executable_path/Frameworks",
				);
				PRODUCT_BUNDLE_IDENTIFIER = novoda.ios.ARSolidCardsRecognition;
				PRODUCT_NAME = "$(TARGET_NAME)";
				SWIFT_VERSION = 4.2;
				TARGETED_DEVICE_FAMILY = "1,2";
			};
			name = Debug;
		};
		4CAAB84A20ED26C900A8159E /* Release */ = {
			isa = XCBuildConfiguration;
			buildSettings = {
				ASSETCATALOG_COMPILER_APPICON_NAME = AppIcon;
				CODE_SIGN_STYLE = Automatic;
				DEVELOPMENT_TEAM = V994K8B55B;
				INFOPLIST_FILE = ARSolidCardsRecognition/Info.plist;
				LD_RUNPATH_SEARCH_PATHS = (
					"$(inherited)",
					"@executable_path/Frameworks",
				);
				PRODUCT_BUNDLE_IDENTIFIER = novoda.ios.ARSolidCardsRecognition;
				PRODUCT_NAME = "$(TARGET_NAME)";
				SWIFT_VERSION = 4.2;
				TARGETED_DEVICE_FAMILY = "1,2";
			};
			name = Release;
		};
/* End XCBuildConfiguration section */

/* Begin XCConfigurationList section */
		4CAAB82D20ED26C700A8159E /* Build configuration list for PBXProject "ARSolidCardsRecognition" */ = {
			isa = XCConfigurationList;
			buildConfigurations = (
				4CAAB84620ED26C900A8159E /* Debug */,
				4CAAB84720ED26C900A8159E /* Release */,
			);
			defaultConfigurationIsVisible = 0;
			defaultConfigurationName = Release;
		};
		4CAAB84820ED26C900A8159E /* Build configuration list for PBXNativeTarget "ARSolidCardsRecognition" */ = {
			isa = XCConfigurationList;
			buildConfigurations = (
				4CAAB84920ED26C900A8159E /* Debug */,
				4CAAB84A20ED26C900A8159E /* Release */,
			);
			defaultConfigurationIsVisible = 0;
			defaultConfigurationName = Release;
		};
/* End XCConfigurationList section */
	};
	rootObject = 4CAAB82A20ED26C700A8159E /* Project object */;
}
